
Microsoft Visual Studio Solution File, Format Version 12.00
# Visual Studio Version 16
VisualStudioVersion = 16.0.29911.84
MinimumVisualStudioVersion = 10.0.40219.1
Project("{9A19103F-16F7-4668-BE54-9A1E7A4F7556}") = "Algorithms", "Algorithms.csproj", "{33F92E62-C14C-4F6D-ADB6-9D45FD9025A9}"
EndProject
Project("{FAE04EC0-301F-11D3-BF4B-00C04F79EFBC}") = "AlgorithmsTests", "..\AlgorithmsTests\AlgorithmsTests.csproj", "{8E1244EC-AB99-444B-82AE-3C5F7464ED8B}"
EndProject
Global
	GlobalSection(SolutionConfigurationPlatforms) = preSolution
		Debug|Any CPU = Debug|Any CPU
		Release|Any CPU = Release|Any CPU
	EndGlobalSection
	GlobalSection(ProjectConfigurationPlatforms) = postSolution
		{33F92E62-C14C-4F6D-ADB6-9D45FD9025A9}.Debug|Any CPU.ActiveCfg = Debug|Any CPU
		{33F92E62-C14C-4F6D-ADB6-9D45FD9025A9}.Debug|Any CPU.Build.0 = Debug|Any CPU
		{33F92E62-C14C-4F6D-ADB6-9D45FD9025A9}.Release|Any CPU.ActiveCfg = Release|Any CPU
		{33F92E62-C14C-4F6D-ADB6-9D45FD9025A9}.Release|Any CPU.Build.0 = Release|Any CPU
		{8E1244EC-AB99-444B-82AE-3C5F7464ED8B}.Debug|Any CPU.ActiveCfg = Debug|Any CPU
		{8E1244EC-AB99-444B-82AE-3C5F7464ED8B}.Debug|Any CPU.Build.0 = Debug|Any CPU
		{8E1244EC-AB99-444B-82AE-3C5F7464ED8B}.Release|Any CPU.ActiveCfg = Release|Any CPU
		{8E1244EC-AB99-444B-82AE-3C5F7464ED8B}.Release|Any CPU.Build.0 = Release|Any CPU
	EndGlobalSection
	GlobalSection(SolutionProperties) = preSolution
		HideSolutionNode = FALSE
	EndGlobalSection
	GlobalSection(ExtensibilityGlobals) = postSolution
		SolutionGuid = {DAAA7692-0033-4FC4-86A1-AED0E04B8F1E}
	EndGlobalSection
EndGlobal
